{
  "name": "@brobridge/atomic-flowcontrol",
  "version": "0.0.2",
  "lockfileVersion": 3,
  "requires": true,
  "packages": {
    "": {
      "name": "@brobridge/atomic-flowcontrol",
      "version": "0.0.2",
      "license": "APL",
      "dependencies": {
        "@brobridge/atomic-sdk": "^0.0.2"
      },
      "engines": {
        "node": ">=18"
      }
    },
    "node_modules/@brobridge/atomic-sdk": {
      "version": "0.0.2",
      "resolved": "https://registry.npmjs.org/@brobridge/atomic-sdk/-/atomic-sdk-0.0.2.tgz",
      "integrity": "sha512-cWQ1rEFYz9qwoWEhMN29er2bji89+FQdU+S/dT76z4Rh+kBeBXh0qXUbJA/eImmTMIqW65XTOMAwUfZNSsS7EA=="
    }
  }
}
