{
  "name": "@brobridge/atomic-flowcontrol",
  "version": "0.0.1",
  "lockfileVersion": 3,
  "requires": true,
  "packages": {
    "": {
      "name": "@brobridge/atomic-flowcontrol",
      "version": "0.0.1",
      "license": "APL",
      "dependencies": {
        "@brobridge/atomic-sdk": "^0.0.1"
      },
      "engines": {
        "node": ">=18"
      }
    },
    "node_modules/@brobridge/atomic-sdk": {
      "version": "0.0.1",
      "resolved": "https://registry.npmjs.org/@brobridge/atomic-sdk/-/atomic-sdk-0.0.1.tgz",
      "integrity": "sha512-tvskctRYz34c7AFFRD30YCOyBhSfIBvRpEBteCPUDxPdxLXdmKby9YCJ+WDovL8M55dG7OemqFGJ88TvKElCyw=="
    }
  }
}
